
Microsoft Visual Studio Solution File, Format Version 11.00
# Visual Studio 2010
Project("{FAE04EC0-301F-11D3-BF4B-00C04F79EFBC}") = "Assembly-CSharp", "Assembly-CSharp.csproj", "{5389d448-214a-3ada-20af-d16529599e1f}"
EndProject
Project("{FAE04EC0-301F-11D3-BF4B-00C04F79EFBC}") = "AimingRig", "AimingRig.csproj", "{d30ccffb-6d46-a7a0-706f-cdf4aec2c674}"
EndProject
Project("{FAE04EC0-301F-11D3-BF4B-00C04F79EFBC}") = "Boxophobic.Utils.Scripts", "Boxophobic.Utils.Scripts.csproj", "{ecea80f1-c237-48bd-d8e6-1ffa3a0cf95c}"
EndProject
Project("{FAE04EC0-301F-11D3-BF4B-00C04F79EFBC}") = "Boxophobic.Utils.Editor", "Boxophobic.Utils.Editor.csproj", "{8cdbaffe-2abc-5c72-f178-abfaca139f3a}"
EndProject
Project("{FAE04EC0-301F-11D3-BF4B-00C04F79EFBC}") = "Boxophobic.SkyboxCubemapExtended.Editor", "Boxophobic.SkyboxCubemapExtended.Editor.csproj", "{aa33505e-c96e-aaad-ebcf-8c1f7f848a27}"
EndProject
Global
	GlobalSection(SolutionConfigurationPlatforms) = preSolution
		Debug|Any CPU = Debug|Any CPU
	EndGlobalSection
	GlobalSection(ProjectConfigurationPlatforms) = postSolution
		{5389d448-214a-3ada-20af-d16529599e1f}.Debug|Any CPU.ActiveCfg = Debug|Any CPU
		{5389d448-214a-3ada-20af-d16529599e1f}.Debug|Any CPU.Build.0 = Debug|Any CPU
		{d30ccffb-6d46-a7a0-706f-cdf4aec2c674}.Debug|Any CPU.ActiveCfg = Debug|Any CPU
		{d30ccffb-6d46-a7a0-706f-cdf4aec2c674}.Debug|Any CPU.Build.0 = Debug|Any CPU
		{ecea80f1-c237-48bd-d8e6-1ffa3a0cf95c}.Debug|Any CPU.ActiveCfg = Debug|Any CPU
		{ecea80f1-c237-48bd-d8e6-1ffa3a0cf95c}.Debug|Any CPU.Build.0 = Debug|Any CPU
		{8cdbaffe-2abc-5c72-f178-abfaca139f3a}.Debug|Any CPU.ActiveCfg = Debug|Any CPU
		{8cdbaffe-2abc-5c72-f178-abfaca139f3a}.Debug|Any CPU.Build.0 = Debug|Any CPU
		{aa33505e-c96e-aaad-ebcf-8c1f7f848a27}.Debug|Any CPU.ActiveCfg = Debug|Any CPU
		{aa33505e-c96e-aaad-ebcf-8c1f7f848a27}.Debug|Any CPU.Build.0 = Debug|Any CPU
	EndGlobalSection
	GlobalSection(SolutionProperties) = preSolution
		HideSolutionNode = FALSE
	EndGlobalSection
EndGlobal
